// !$*UTF8*$!
{
	archiveVersion = 1;
	classes = {
	};
	objectVersion = 77;
	objects = {

/* Begin PBXBuildFile section */
		4BF12D4B2DBE3CE100AF0449 /* Mantis in Frameworks */ = {isa = PBXBuildFile; productRef = 4BF12D4A2DBE3CE100AF0449 /* Mantis */; };
/* End PBXBuildFile section */

/* Begin PBXContainerItemProxy section */
		4BF12D292DBE3B0C00AF0449 /* PBXContainerItemProxy */ = {
			isa = PBXContainerItemProxy;
			containerPortal = 4BF12D132DBE3B0B00AF0449 /* Project object */;
			proxyType = 1;
			remoteGlobalIDString = 4BF12D1A2DBE3B0B00AF0449;
			remoteInfo = ImageSlideView;
		};
		4BF12D332DBE3B0C00AF0449 /* PBXContainerItemProxy */ = {
			isa = PBXContainerItemProxy;
			containerPortal = 4BF12D132DBE3B0B00AF0449 /* Project object */;
			proxyType = 1;
			remoteGlobalIDString = 4BF12D1A2DBE3B0B00AF0449;
			remoteInfo = ImageSlideView;
		};
/* End PBXContainerItemProxy section */

/* Begin PBXFileReference section */
		4BF12D1B2DBE3B0B00AF0449 /* ImageSlideView.app */ = {isa = PBXFileReference; explicitFileType = wrapper.application; includeInIndex = 0; path = ImageSlideView.app; sourceTree = BUILT_PRODUCTS_DIR; };
		4BF12D282DBE3B0C00AF0449 /* ImageSlideViewTests.xctest */ = {isa = PBXFileReference; explicitFileType = wrapper.cfbundle; includeInIndex = 0; path = ImageSlideViewTests.xctest; sourceTree = BUILT_PRODUCTS_DIR; };
		4BF12D322DBE3B0C00AF0449 /* ImageSlideViewUITests.xctest */ = {isa = PBXFileReference; explicitFileType = wrapper.cfbundle; includeInIndex = 0; path = ImageSlideViewUITests.xctest; sourceTree = BUILT_PRODUCTS_DIR; };
/* End PBXFileReference section */

/* Begin PBXFileSystemSynchronizedRootGroup section */
		4BF12D1D2DBE3B0B00AF0449 /* ImageSlideView */ = {
			isa = PBXFileSystemSynchronizedRootGroup;
			path = ImageSlideView;
			sourceTree = "<group>";
		};
		4BF12D2B2DBE3B0C00AF0449 /* ImageSlideViewTests */ = {
			isa = PBXFileSystemSynchronizedRootGroup;
			path = ImageSlideViewTests;
			sourceTree = "<group>";
		};
		4BF12D352DBE3B0C00AF0449 /* ImageSlideViewUITests */ = {
			isa = PBXFileSystemSynchronizedRootGroup;
			path = ImageSlideViewUITests;
			sourceTree = "<group>";
		};
/* End PBXFileSystemSynchronizedRootGroup section */

/* Begin PBXFrameworksBuildPhase section */
		4BF12D182DBE3B0B00AF0449 /* Frameworks */ = {
			isa = PBXFrameworksBuildPhase;
			buildActionMask = 2147483647;
			files = (
				4BF12D4B2DBE3CE100AF0449 /* Mantis in Frameworks */,
			);
			runOnlyForDeploymentPostprocessing = 0;
		};
		4BF12D252DBE3B0C00AF0449 /* Frameworks */ = {
			isa = PBXFrameworksBuildPhase;
			buildActionMask = 2147483647;
			files = (
			);
			runOnlyForDeploymentPostprocessing = 0;
		};
		4BF12D2F2DBE3B0C00AF0449 /* Frameworks */ = {
			isa = PBXFrameworksBuildPhase;
			buildActionMask = 2147483647;
			files = (
			);
			runOnlyForDeploymentPostprocessing = 0;
		};
/* End PBXFrameworksBuildPhase section */

/* Begin PBXGroup section */
		4BF12D122DBE3B0B00AF0449 = {
			isa = PBXGroup;
			children = (
				4BF12D1D2DBE3B0B00AF0449 /* ImageSlideView */,
				4BF12D2B2DBE3B0C00AF0449 /* ImageSlideViewTests */,
				4BF12D352DBE3B0C00AF0449 /* ImageSlideViewUITests */,
				4BF12D1C2DBE3B0B00AF0449 /* Products */,
			);
			sourceTree = "<group>";
		};
		4BF12D1C2DBE3B0B00AF0449 /* Products */ = {
			isa = PBXGroup;
			children = (
				4BF12D1B2DBE3B0B00AF0449 /* ImageSlideView.app */,
				4BF12D282DBE3B0C00AF0449 /* ImageSlideViewTests.xctest */,
				4BF12D322DBE3B0C00AF0449 /* ImageSlideViewUITests.xctest */,
			);
			name = Products;
			sourceTree = "<group>";
		};
/* End PBXGroup section */

/* Begin PBXNativeTarget section */
		4BF12D1A2DBE3B0B00AF0449 /* ImageSlideView */ = {
			isa = PBXNativeTarget;
			buildConfigurationList = 4BF12D3C2DBE3B0C00AF0449 /* Build configuration list for PBXNativeTarget "ImageSlideView" */;
			buildPhases = (
				4BF12D172DBE3B0B00AF0449 /* Sources */,
				4BF12D182DBE3B0B00AF0449 /* Frameworks */,
				4BF12D192DBE3B0B00AF0449 /* Resources */,
			);
			buildRules = (
			);
			dependencies = (
			);
			fileSystemSynchronizedGroups = (
				4BF12D1D2DBE3B0B00AF0449 /* ImageSlideView */,
			);
			name = ImageSlideView;
			packageProductDependencies = (
				4BF12D4A2DBE3CE100AF0449 /* Mantis */,
			);
			productName = ImageSlideView;
			productReference = 4BF12D1B2DBE3B0B00AF0449 /* ImageSlideView.app */;
			productType = "com.apple.product-type.application";
		};
		4BF12D272DBE3B0C00AF0449 /* ImageSlideViewTests */ = {
			isa = PBXNativeTarget;
			buildConfigurationList = 4BF12D3F2DBE3B0C00AF0449 /* Build configuration list for PBXNativeTarget "ImageSlideViewTests" */;
			buildPhases = (
				4BF12D242DBE3B0C00AF0449 /* Sources */,
				4BF12D252DBE3B0C00AF0449 /* Frameworks */,
				4BF12D262DBE3B0C00AF0449 /* Resources */,
			);
			buildRules = (
			);
			dependencies = (
				4BF12D2A2DBE3B0C00AF0449 /* PBXTargetDependency */,
			);
			fileSystemSynchronizedGroups = (
				4BF12D2B2DBE3B0C00AF0449 /* ImageSlideViewTests */,
			);
			name = ImageSlideViewTests;
			packageProductDependencies = (
			);
			productName = ImageSlideViewTests;
			productReference = 4BF12D282DBE3B0C00AF0449 /* ImageSlideViewTests.xctest */;
			productType = "com.apple.product-type.bundle.unit-test";
		};
		4BF12D312DBE3B0C00AF0449 /* ImageSlideViewUITests */ = {
			isa = PBXNativeTarget;
			buildConfigurationList = 4BF12D422DBE3B0C00AF0449 /* Build configuration list for PBXNativeTarget "ImageSlideViewUITests" */;
			buildPhases = (
				4BF12D2E2DBE3B0C00AF0449 /* Sources */,
				4BF12D2F2DBE3B0C00AF0449 /* Frameworks */,
				4BF12D302DBE3B0C00AF0449 /* Resources */,
			);
			buildRules = (
			);
			dependencies = (
				4BF12D342DBE3B0C00AF0449 /* PBXTargetDependency */,
			);
			fileSystemSynchronizedGroups = (
				4BF12D352DBE3B0C00AF0449 /* ImageSlideViewUITests */,
			);
			name = ImageSlideViewUITests;
			packageProductDependencies = (
			);
			productName = ImageSlideViewUITests;
			productReference = 4BF12D322DBE3B0C00AF0449 /* ImageSlideViewUITests.xctest */;
			productType = "com.apple.product-type.bundle.ui-testing";
		};
/* End PBXNativeTarget section */

/* Begin PBXProject section */
		4BF12D132DBE3B0B00AF0449 /* Project object */ = {
			isa = PBXProject;
			attributes = {
				BuildIndependentTargetsInParallel = 1;
				LastSwiftUpdateCheck = 1630;
				LastUpgradeCheck = 1630;
				TargetAttributes = {
					4BF12D1A2DBE3B0B00AF0449 = {
						CreatedOnToolsVersion = 16.3;
					};
					4BF12D272DBE3B0C00AF0449 = {
						CreatedOnToolsVersion = 16.3;
						TestTargetID = 4BF12D1A2DBE3B0B00AF0449;
					};
					4BF12D312DBE3B0C00AF0449 = {
						CreatedOnToolsVersion = 16.3;
						TestTargetID = 4BF12D1A2DBE3B0B00AF0449;
					};
				};
			};
			buildConfigurationList = 4BF12D162DBE3B0B00AF0449 /* Build configuration list for PBXProject "ImageSlideView" */;
			developmentRegion = en;
			hasScannedForEncodings = 0;
			knownRegions = (
				en,
				Base,
			);
			mainGroup = 4BF12D122DBE3B0B00AF0449;
			minimizedProjectReferenceProxies = 1;
			packageReferences = (
				4BF12D492DBE3CE100AF0449 /* XCRemoteSwiftPackageReference "Mantis" */,
			);
			preferredProjectObjectVersion = 77;
			productRefGroup = 4BF12D1C2DBE3B0B00AF0449 /* Products */;
			projectDirPath = "";
			projectRoot = "";
			targets = (
				4BF12D1A2DBE3B0B00AF0449 /* ImageSlideView */,
				4BF12D272DBE3B0C00AF0449 /* ImageSlideViewTests */,
				4BF12D312DBE3B0C00AF0449 /* ImageSlideViewUITests */,
			);
		};
/* End PBXProject section */

/* Begin PBXResourcesBuildPhase section */
		4BF12D192DBE3B0B00AF0449 /* Resources */ = {
			isa = PBXResourcesBuildPhase;
			buildActionMask = 2147483647;
			files = (
			);
			runOnlyForDeploymentPostprocessing = 0;
		};
		4BF12D262DBE3B0C00AF0449 /* Resources */ = {
			isa = PBXResourcesBuildPhase;
			buildActionMask = 2147483647;
			files = (
			);
			runOnlyForDeploymentPostprocessing = 0;
		};
		4BF12D302DBE3B0C00AF0449 /* Resources */ = {
			isa = PBXResourcesBuildPhase;
			buildActionMask = 2147483647;
			files = (
			);
			runOnlyForDeploymentPostprocessing = 0;
		};
/* End PBXResourcesBuildPhase section */

/* Begin PBXSourcesBuildPhase section */
		4BF12D172DBE3B0B00AF0449 /* Sources */ = {
			isa = PBXSourcesBuildPhase;
			buildActionMask = 2147483647;
			files = (
			);
			runOnlyForDeploymentPostprocessing = 0;
		};
		4BF12D242DBE3B0C00AF0449 /* Sources */ = {
			isa = PBXSourcesBuildPhase;
			buildActionMask = 2147483647;
			files = (
			);
			runOnlyForDeploymentPostprocessing = 0;
		};
		4BF12D2E2DBE3B0C00AF0449 /* Sources */ = {
			isa = PBXSourcesBuildPhase;
			buildActionMask = 2147483647;
			files = (
			);
			runOnlyForDeploymentPostprocessing = 0;
		};
/* End PBXSourcesBuildPhase section */

/* Begin PBXTargetDependency section */
		4BF12D2A2DBE3B0C00AF0449 /* PBXTargetDependency */ = {
			isa = PBXTargetDependency;
			target = 4BF12D1A2DBE3B0B00AF0449 /* ImageSlideView */;
			targetProxy = 4BF12D292DBE3B0C00AF0449 /* PBXContainerItemProxy */;
		};
		4BF12D342DBE3B0C00AF0449 /* PBXTargetDependency */ = {
			isa = PBXTargetDependency;
			target = 4BF12D1A2DBE3B0B00AF0449 /* ImageSlideView */;
			targetProxy = 4BF12D332DBE3B0C00AF0449 /* PBXContainerItemProxy */;
		};
/* End PBXTargetDependency section */

/* Begin XCBuildConfiguration section */
		4BF12D3A2DBE3B0C00AF0449 /* Debug */ = {
			isa = XCBuildConfiguration;
			buildSettings = {
				ALWAYS_SEARCH_USER_PATHS = NO;
				ASSETCATALOG_COMPILER_GENERATE_SWIFT_ASSET_SYMBOL_EXTENSIONS = YES;
				CLANG_ANALYZER_NONNULL = YES;
				CLANG_ANALYZER_NUMBER_OBJECT_CONVERSION = YES_AGGRESSIVE;
				CLANG_CXX_LANGUAGE_STANDARD = "gnu++20";
				CLANG_ENABLE_MODULES = YES;
				CLANG_ENABLE_OBJC_ARC = YES;
				CLANG_ENABLE_OBJC_WEAK = YES;
				CLANG_WARN_BLOCK_CAPTURE_AUTORELEASING = YES;
				CLANG_WARN_BOOL_CONVERSION = YES;
				CLANG_WARN_COMMA = YES;
				CLANG_WARN_CONSTANT_CONVERSION = YES;
				CLANG_WARN_DEPRECATED_OBJC_IMPLEMENTATIONS = YES;
				CLANG_WARN_DIRECT_OBJC_ISA_USAGE = YES_ERROR;
				CLANG_WARN_DOCUMENTATION_COMMENTS = YES;
				CLANG_WARN_EMPTY_BODY = YES;
				CLANG_WARN_ENUM_CONVERSION = YES;
				CLANG_WARN_INFINITE_RECURSION = YES;
				CLANG_WARN_INT_CONVERSION = YES;
				CLANG_WARN_NON_LITERAL_NULL_CONVERSION = YES;
				CLANG_WARN_OBJC_IMPLICIT_RETAIN_SELF = YES;
				CLANG_WARN_OBJC_LITERAL_CONVERSION = YES;
				CLANG_WARN_OBJC_ROOT_CLASS = YES_ERROR;
				CLANG_WARN_QUOTED_INCLUDE_IN_FRAMEWORK_HEADER = YES;
				CLANG_WARN_RANGE_LOOP_ANALYSIS = YES;
				CLANG_WARN_STRICT_PROTOTYPES = YES;
				CLANG_WARN_SUSPICIOUS_MOVE = YES;
				CLANG_WARN_UNGUARDED_AVAILABILITY = YES_AGGRESSIVE;
				CLANG_WARN_UNREACHABLE_CODE = YES;
				CLANG_WARN__DUPLICATE_METHOD_MATCH = YES;
				COPY_PHASE_STRIP = NO;
				DEBUG_INFORMATION_FORMAT = dwarf;
				DEVELOPMENT_TEAM = JA868URLCA;
				ENABLE_STRICT_OBJC_MSGSEND = YES;
				ENABLE_TESTABILITY = YES;
				ENABLE_USER_SCRIPT_SANDBOXING = YES;
				GCC_C_LANGUAGE_STANDARD = gnu17;
				GCC_DYNAMIC_NO_PIC = NO;
				GCC_NO_COMMON_BLOCKS = YES;
				GCC_OPTIMIZATION_LEVEL = 0;
				GCC_PREPROCESSOR_DEFINITIONS = (
					"DEBUG=1",
					"$(inherited)",
				);
				GCC_WARN_64_TO_32_BIT_CONVERSION = YES;
				GCC_WARN_ABOUT_RETURN_TYPE = YES_ERROR;
				GCC_WARN_UNDECLARED_SELECTOR = YES;
				GCC_WARN_UNINITIALIZED_AUTOS = YES_AGGRESSIVE;
				GCC_WARN_UNUSED_FUNCTION = YES;
				GCC_WARN_UNUSED_VARIABLE = YES;
				IPHONEOS_DEPLOYMENT_TARGET = 18.4;
				LOCALIZATION_PREFERS_STRING_CATALOGS = YES;
				MTL_ENABLE_DEBUG_INFO = INCLUDE_SOURCE;
				MTL_FAST_MATH = YES;
				ONLY_ACTIVE_ARCH = YES;
				SDKROOT = iphoneos;
				SWIFT_ACTIVE_COMPILATION_CONDITIONS = "DEBUG $(inherited)";
				SWIFT_OPTIMIZATION_LEVEL = "-Onone";
			};
			name = Debug;
		};
		4BF12D3B2DBE3B0C00AF0449 /* Release */ = {
			isa = XCBuildConfiguration;
			buildSettings = {
				ALWAYS_SEARCH_USER_PATHS = NO;
				ASSETCATALOG_COMPILER_GENERATE_SWIFT_ASSET_SYMBOL_EXTENSIONS = YES;
				CLANG_ANALYZER_NONNULL = YES;
				CLANG_ANALYZER_NUMBER_OBJECT_CONVERSION = YES_AGGRESSIVE;
				CLANG_CXX_LANGUAGE_STANDARD = "gnu++20";
				CLANG_ENABLE_MODULES = YES;
				CLANG_ENABLE_OBJC_ARC = YES;
				CLANG_ENABLE_OBJC_WEAK = YES;
				CLANG_WARN_BLOCK_CAPTURE_AUTORELEASING = YES;
				CLANG_WARN_BOOL_CONVERSION = YES;
				CLANG_WARN_COMMA = YES;
				CLANG_WARN_CONSTANT_CONVERSION = YES;
				CLANG_WARN_DEPRECATED_OBJC_IMPLEMENTATIONS = YES;
				CLANG_WARN_DIRECT_OBJC_ISA_USAGE = YES_ERROR;
				CLANG_WARN_DOCUMENTATION_COMMENTS = YES;
				CLANG_WARN_EMPTY_BODY = YES;
				CLANG_WARN_ENUM_CONVERSION = YES;
				CLANG_WARN_INFINITE_RECURSION = YES;
				CLANG_WARN_INT_CONVERSION = YES;
				CLANG_WARN_NON_LITERAL_NULL_CONVERSION = YES;
				CLANG_WARN_OBJC_IMPLICIT_RETAIN_SELF = YES;
				CLANG_WARN_OBJC_LITERAL_CONVERSION = YES;
				CLANG_WARN_OBJC_ROOT_CLASS = YES_ERROR;
				CLANG_WARN_QUOTED_INCLUDE_IN_FRAMEWORK_HEADER = YES;
				CLANG_WARN_RANGE_LOOP_ANALYSIS = YES;
				CLANG_WARN_STRICT_PROTOTYPES = YES;
				CLANG_WARN_SUSPICIOUS_MOVE = YES;
				CLANG_WARN_UNGUARDED_AVAILABILITY = YES_AGGRESSIVE;
				CLANG_WARN_UNREACHABLE_CODE = YES;
				CLANG_WARN__DUPLICATE_METHOD_MATCH = YES;
				COPY_PHASE_STRIP = NO;
				DEBUG_INFORMATION_FORMAT = "dwarf-with-dsym";
				DEVELOPMENT_TEAM = JA868URLCA;
				ENABLE_NS_ASSERTIONS = NO;
				ENABLE_STRICT_OBJC_MSGSEND = YES;
				ENABLE_USER_SCRIPT_SANDBOXING = YES;
				GCC_C_LANGUAGE_STANDARD = gnu17;
				GCC_NO_COMMON_BLOCKS = YES;
				GCC_WARN_64_TO_32_BIT_CONVERSION = YES;
				GCC_WARN_ABOUT_RETURN_TYPE = YES_ERROR;
				GCC_WARN_UNDECLARED_SELECTOR = YES;
				GCC_WARN_UNINITIALIZED_AUTOS = YES_AGGRESSIVE;
				GCC_WARN_UNUSED_FUNCTION = YES;
				GCC_WARN_UNUSED_VARIABLE = YES;
				IPHONEOS_DEPLOYMENT_TARGET = 18.4;
				LOCALIZATION_PREFERS_STRING_CATALOGS = YES;
				MTL_ENABLE_DEBUG_INFO = NO;
				MTL_FAST_MATH = YES;
				SDKROOT = iphoneos;
				SWIFT_COMPILATION_MODE = wholemodule;
				VALIDATE_PRODUCT = YES;
			};
			name = Release;
		};
		4BF12D3D2DBE3B0C00AF0449 /* Debug */ = {
			isa = XCBuildConfiguration;
			buildSettings = {
				ASSETCATALOG_COMPILER_APPICON_NAME = AppIcon;
				ASSETCATALOG_COMPILER_GLOBAL_ACCENT_COLOR_NAME = AccentColor;
				CODE_SIGN_STYLE = Automatic;
				CURRENT_PROJECT_VERSION = 1;
				DEVELOPMENT_TEAM = JA868URLCA;
				ENABLE_PREVIEWS = YES;
				GENERATE_INFOPLIST_FILE = YES;
				INFOPLIST_KEY_UIApplicationSceneManifest_Generation = YES;
				INFOPLIST_KEY_UIApplicationSupportsIndirectInputEvents = YES;
				INFOPLIST_KEY_UILaunchScreen_Generation = YES;
				INFOPLIST_KEY_UISupportedInterfaceOrientations_iPad = "UIInterfaceOrientationPortrait UIInterfaceOrientationPortraitUpsideDown UIInterfaceOrientationLandscapeLeft UIInterfaceOrientationLandscapeRight";
				INFOPLIST_KEY_UISupportedInterfaceOrientations_iPhone = "UIInterfaceOrientationPortrait UIInterfaceOrientationLandscapeLeft UIInterfaceOrientationLandscapeRight";
				IPHONEOS_DEPLOYMENT_TARGET = 16;
				LD_RUNPATH_SEARCH_PATHS = (
					"$(inherited)",
					"@executable_path/Frameworks",
				);
				MARKETING_VERSION = 1.0;
				PRODUCT_BUNDLE_IDENTIFIER = Gab.ImageSlideView;
				PRODUCT_NAME = "$(TARGET_NAME)";
				SWIFT_EMIT_LOC_STRINGS = YES;
				SWIFT_VERSION = 5.0;
				TARGETED_DEVICE_FAMILY = "1,2";
			};
			name = Debug;
		};
		4BF12D3E2DBE3B0C00AF0449 /* Release */ = {
			isa = XCBuildConfiguration;
			buildSettings = {
				ASSETCATALOG_COMPILER_APPICON_NAME = AppIcon;
				ASSETCATALOG_COMPILER_GLOBAL_ACCENT_COLOR_NAME = AccentColor;
				CODE_SIGN_STYLE = Automatic;
				CURRENT_PROJECT_VERSION = 1;
				DEVELOPMENT_TEAM = JA868URLCA;
				ENABLE_PREVIEWS = YES;
				GENERATE_INFOPLIST_FILE = YES;
				INFOPLIST_KEY_UIApplicationSceneManifest_Generation = YES;
				INFOPLIST_KEY_UIApplicationSupportsIndirectInputEvents = YES;
				INFOPLIST_KEY_UILaunchScreen_Generation = YES;
				INFOPLIST_KEY_UISupportedInterfaceOrientations_iPad = "UIInterfaceOrientationPortrait UIInterfaceOrientationPortraitUpsideDown UIInterfaceOrientationLandscapeLeft UIInterfaceOrientationLandscapeRight";
				INFOPLIST_KEY_UISupportedInterfaceOrientations_iPhone = "UIInterfaceOrientationPortrait UIInterfaceOrientationLandscapeLeft UIInterfaceOrientationLandscapeRight";
				IPHONEOS_DEPLOYMENT_TARGET = 16;
				LD_RUNPATH_SEARCH_PATHS = (
					"$(inherited)",
					"@executable_path/Frameworks",
				);
				MARKETING_VERSION = 1.0;
				PRODUCT_BUNDLE_IDENTIFIER = Gab.ImageSlideView;
				PRODUCT_NAME = "$(TARGET_NAME)";
				SWIFT_EMIT_LOC_STRINGS = YES;
				SWIFT_VERSION = 5.0;
				TARGETED_DEVICE_FAMILY = "1,2";
			};
			name = Release;
		};
		4BF12D402DBE3B0C00AF0449 /* Debug */ = {
			isa = XCBuildConfiguration;
			buildSettings = {
				BUNDLE_LOADER = "$(TEST_HOST)";
				CODE_SIGN_STYLE = Automatic;
				CURRENT_PROJECT_VERSION = 1;
				DEVELOPMENT_TEAM = JA868URLCA;
				GENERATE_INFOPLIST_FILE = YES;
				IPHONEOS_DEPLOYMENT_TARGET = 18.4;
				MARKETING_VERSION = 1.0;
				PRODUCT_BUNDLE_IDENTIFIER = Gab.ImageSlideViewTests;
				PRODUCT_NAME = "$(TARGET_NAME)";
				SWIFT_EMIT_LOC_STRINGS = NO;
				SWIFT_VERSION = 5.0;
				TARGETED_DEVICE_FAMILY = "1,2";
				TEST_HOST = "$(BUILT_PRODUCTS_DIR)/ImageSlideView.app/$(BUNDLE_EXECUTABLE_FOLDER_PATH)/ImageSlideView";
			};
			name = Debug;
		};
		4BF12D412DBE3B0C00AF0449 /* Release */ = {
			isa = XCBuildConfiguration;
			buildSettings = {
				BUNDLE_LOADER = "$(TEST_HOST)";
				CODE_SIGN_STYLE = Automatic;
				CURRENT_PROJECT_VERSION = 1;
				DEVELOPMENT_TEAM = JA868URLCA;
				GENERATE_INFOPLIST_FILE = YES;
				IPHONEOS_DEPLOYMENT_TARGET = 18.4;
				MARKETING_VERSION = 1.0;
				PRODUCT_BUNDLE_IDENTIFIER = Gab.ImageSlideViewTests;
				PRODUCT_NAME = "$(TARGET_NAME)";
				SWIFT_EMIT_LOC_STRINGS = NO;
				SWIFT_VERSION = 5.0;
				TARGETED_DEVICE_FAMILY = "1,2";
				TEST_HOST = "$(BUILT_PRODUCTS_DIR)/ImageSlideView.app/$(BUNDLE_EXECUTABLE_FOLDER_PATH)/ImageSlideView";
			};
			name = Release;
		};
		4BF12D432DBE3B0C00AF0449 /* Debug */ = {
			isa = XCBuildConfiguration;
			buildSettings = {
				CODE_SIGN_STYLE = Automatic;
				CURRENT_PROJECT_VERSION = 1;
				DEVELOPMENT_TEAM = JA868URLCA;
				GENERATE_INFOPLIST_FILE = YES;
				MARKETING_VERSION = 1.0;
				PRODUCT_BUNDLE_IDENTIFIER = Gab.ImageSlideViewUITests;
				PRODUCT_NAME = "$(TARGET_NAME)";
				SWIFT_EMIT_LOC_STRINGS = NO;
				SWIFT_VERSION = 5.0;
				TARGETED_DEVICE_FAMILY = "1,2";
				TEST_TARGET_NAME = ImageSlideView;
			};
			name = Debug;
		};
		4BF12D442DBE3B0C00AF0449 /* Release */ = {
			isa = XCBuildConfiguration;
			buildSettings = {
				CODE_SIGN_STYLE = Automatic;
				CURRENT_PROJECT_VERSION = 1;
				DEVELOPMENT_TEAM = JA868URLCA;
				GENERATE_INFOPLIST_FILE = YES;
				MARKETING_VERSION = 1.0;
				PRODUCT_BUNDLE_IDENTIFIER = Gab.ImageSlideViewUITests;
				PRODUCT_NAME = "$(TARGET_NAME)";
				SWIFT_EMIT_LOC_STRINGS = NO;
				SWIFT_VERSION = 5.0;
				TARGETED_DEVICE_FAMILY = "1,2";
				TEST_TARGET_NAME = ImageSlideView;
			};
			name = Release;
		};
/* End XCBuildConfiguration section */

/* Begin XCConfigurationList section */
		4BF12D162DBE3B0B00AF0449 /* Build configuration list for PBXProject "ImageSlideView" */ = {
			isa = XCConfigurationList;
			buildConfigurations = (
				4BF12D3A2DBE3B0C00AF0449 /* Debug */,
				4BF12D3B2DBE3B0C00AF0449 /* Release */,
			);
			defaultConfigurationIsVisible = 0;
			defaultConfigurationName = Release;
		};
		4BF12D3C2DBE3B0C00AF0449 /* Build configuration list for PBXNativeTarget "ImageSlideView" */ = {
			isa = XCConfigurationList;
			buildConfigurations = (
				4BF12D3D2DBE3B0C00AF0449 /* Debug */,
				4BF12D3E2DBE3B0C00AF0449 /* Release */,
			);
			defaultConfigurationIsVisible = 0;
			defaultConfigurationName = Release;
		};
		4BF12D3F2DBE3B0C00AF0449 /* Build configuration list for PBXNativeTarget "ImageSlideViewTests" */ = {
			isa = XCConfigurationList;
			buildConfigurations = (
				4BF12D402DBE3B0C00AF0449 /* Debug */,
				4BF12D412DBE3B0C00AF0449 /* Release */,
			);
			defaultConfigurationIsVisible = 0;
			defaultConfigurationName = Release;
		};
		4BF12D422DBE3B0C00AF0449 /* Build configuration list for PBXNativeTarget "ImageSlideViewUITests" */ = {
			isa = XCConfigurationList;
			buildConfigurations = (
				4BF12D432DBE3B0C00AF0449 /* Debug */,
				4BF12D442DBE3B0C00AF0449 /* Release */,
			);
			defaultConfigurationIsVisible = 0;
			defaultConfigurationName = Release;
		};
/* End XCConfigurationList section */

/* Begin XCRemoteSwiftPackageReference section */
		4BF12D492DBE3CE100AF0449 /* XCRemoteSwiftPackageReference "Mantis" */ = {
			isa = XCRemoteSwiftPackageReference;
			repositoryURL = "https://github.com/guoyingtao/Mantis.git";
			requirement = {
				kind = upToNextMajorVersion;
				minimumVersion = 1.7.5;
			};
		};
/* End XCRemoteSwiftPackageReference section */

/* Begin XCSwiftPackageProductDependency section */
		4BF12D4A2DBE3CE100AF0449 /* Mantis */ = {
			isa = XCSwiftPackageProductDependency;
			package = 4BF12D492DBE3CE100AF0449 /* XCRemoteSwiftPackageReference "Mantis" */;
			productName = Mantis;
		};
/* End XCSwiftPackageProductDependency section */
	};
	rootObject = 4BF12D132DBE3B0B00AF0449 /* Project object */;
}
